
Microsoft Visual Studio Solution File, Format Version 12.00
# Visual Studio 15
Project("{FAE04EC0-301F-11D3-BF4B-00C04F79EFBC}") = "Assembly-CSharp", "Assembly-CSharp.csproj", "{8E7131F4-52A2-6FE1-3694-06EC22322095}"
EndProject
Project("{FAE04EC0-301F-11D3-BF4B-00C04F79EFBC}") = "Unity.2DPlatformer.Tutorials", "Unity.2DPlatformer.Tutorials.csproj", "{33673281-4817-EA63-A875-DB819719F0D8}"
EndProject
Project("{FAE04EC0-301F-11D3-BF4B-00C04F79EFBC}") = "Unity.Platformer.Tutorials", "Unity.Platformer.Tutorials.csproj", "{B44DEED1-4630-E0EE-D552-0A214945F605}"
EndProject
Project("{FAE04EC0-301F-11D3-BF4B-00C04F79EFBC}") = "Assembly-CSharp-Editor", "Assembly-CSharp-Editor.csproj", "{C86BCC17-F237-73F7-97FC-D70F90E0FCCE}"
EndProject
Global
	GlobalSection(SolutionConfigurationPlatforms) = preSolution
		Debug|Any CPU = Debug|Any CPU
		Release|Any CPU = Release|Any CPU
	EndGlobalSection
	GlobalSection(ProjectConfigurationPlatforms) = postSolution
		{8E7131F4-52A2-6FE1-3694-06EC22322095}.Debug|Any CPU.ActiveCfg = Debug|Any CPU
		{8E7131F4-52A2-6FE1-3694-06EC22322095}.Debug|Any CPU.Build.0 = Debug|Any CPU
		{8E7131F4-52A2-6FE1-3694-06EC22322095}.Release|Any CPU.ActiveCfg = Release|Any CPU
		{8E7131F4-52A2-6FE1-3694-06EC22322095}.Release|Any CPU.Build.0 = Release|Any CPU
		{33673281-4817-EA63-A875-DB819719F0D8}.Debug|Any CPU.ActiveCfg = Debug|Any CPU
		{33673281-4817-EA63-A875-DB819719F0D8}.Debug|Any CPU.Build.0 = Debug|Any CPU
		{33673281-4817-EA63-A875-DB819719F0D8}.Release|Any CPU.ActiveCfg = Release|Any CPU
		{33673281-4817-EA63-A875-DB819719F0D8}.Release|Any CPU.Build.0 = Release|Any CPU
		{B44DEED1-4630-E0EE-D552-0A214945F605}.Debug|Any CPU.ActiveCfg = Debug|Any CPU
		{B44DEED1-4630-E0EE-D552-0A214945F605}.Debug|Any CPU.Build.0 = Debug|Any CPU
		{B44DEED1-4630-E0EE-D552-0A214945F605}.Release|Any CPU.ActiveCfg = Release|Any CPU
		{B44DEED1-4630-E0EE-D552-0A214945F605}.Release|Any CPU.Build.0 = Release|Any CPU
		{C86BCC17-F237-73F7-97FC-D70F90E0FCCE}.Debug|Any CPU.ActiveCfg = Debug|Any CPU
		{C86BCC17-F237-73F7-97FC-D70F90E0FCCE}.Debug|Any CPU.Build.0 = Debug|Any CPU
		{C86BCC17-F237-73F7-97FC-D70F90E0FCCE}.Release|Any CPU.ActiveCfg = Release|Any CPU
		{C86BCC17-F237-73F7-97FC-D70F90E0FCCE}.Release|Any CPU.Build.0 = Release|Any CPU
	EndGlobalSection
	GlobalSection(SolutionProperties) = preSolution
		HideSolutionNode = FALSE
	EndGlobalSection
EndGlobal
